
Microsoft Visual Studio Solution File, Format Version 12.00
# Visual Studio Version 16
VisualStudioVersion = 16.0.30503.244
MinimumVisualStudioVersion = 10.0.40219.1
Project("{8BC9CEB8-8B4A-11D0-8D11-00A0C91BC942}") = "shellsort", "shellsort\shellsort.vcxproj", "{F4393E23-F138-4344-A220-F6179141E8FE}"
EndProject
Global
	GlobalSection(SolutionConfigurationPlatforms) = preSolution
		Debug|x64 = Debug|x64
		Debug|x86 = Debug|x86
		Release|x64 = Release|x64
		Release|x86 = Release|x86
	EndGlobalSection
	GlobalSection(ProjectConfigurationPlatforms) = postSolution
		{F4393E23-F138-4344-A220-F6179141E8FE}.Debug|x64.ActiveCfg = Debug|x64
		{F4393E23-F138-4344-A220-F6179141E8FE}.Debug|x64.Build.0 = Debug|x64
		{F4393E23-F138-4344-A220-F6179141E8FE}.Debug|x86.ActiveCfg = Debug|Win32
		{F4393E23-F138-4344-A220-F6179141E8FE}.Debug|x86.Build.0 = Debug|Win32
		{F4393E23-F138-4344-A220-F6179141E8FE}.Release|x64.ActiveCfg = Release|x64
		{F4393E23-F138-4344-A220-F6179141E8FE}.Release|x64.Build.0 = Release|x64
		{F4393E23-F138-4344-A220-F6179141E8FE}.Release|x86.ActiveCfg = Release|Win32
		{F4393E23-F138-4344-A220-F6179141E8FE}.Release|x86.Build.0 = Release|Win32
	EndGlobalSection
	GlobalSection(SolutionProperties) = preSolution
		HideSolutionNode = FALSE
	EndGlobalSection
	GlobalSection(ExtensibilityGlobals) = postSolution
		SolutionGuid = {A90F5CF3-2B47-4F6C-A773-189399D97018}
	EndGlobalSection
EndGlobal
