
Microsoft Visual Studio Solution File, Format Version 12.00
# Visual Studio Version 16
VisualStudioVersion = 16.0.30503.244
MinimumVisualStudioVersion = 10.0.40219.1
Project("{8BC9CEB8-8B4A-11D0-8D11-00A0C91BC942}") = "Sedgewick's imcrements1", "Sedgewick's imcrements1\Sedgewick's imcrements1.vcxproj", "{8C4D99A2-C6F4-492B-A98A-DCBA27224251}"
EndProject
Global
	GlobalSection(SolutionConfigurationPlatforms) = preSolution
		Debug|x64 = Debug|x64
		Debug|x86 = Debug|x86
		Release|x64 = Release|x64
		Release|x86 = Release|x86
	EndGlobalSection
	GlobalSection(ProjectConfigurationPlatforms) = postSolution
		{8C4D99A2-C6F4-492B-A98A-DCBA27224251}.Debug|x64.ActiveCfg = Debug|x64
		{8C4D99A2-C6F4-492B-A98A-DCBA27224251}.Debug|x64.Build.0 = Debug|x64
		{8C4D99A2-C6F4-492B-A98A-DCBA27224251}.Debug|x86.ActiveCfg = Debug|Win32
		{8C4D99A2-C6F4-492B-A98A-DCBA27224251}.Debug|x86.Build.0 = Debug|Win32
		{8C4D99A2-C6F4-492B-A98A-DCBA27224251}.Release|x64.ActiveCfg = Release|x64
		{8C4D99A2-C6F4-492B-A98A-DCBA27224251}.Release|x64.Build.0 = Release|x64
		{8C4D99A2-C6F4-492B-A98A-DCBA27224251}.Release|x86.ActiveCfg = Release|Win32
		{8C4D99A2-C6F4-492B-A98A-DCBA27224251}.Release|x86.Build.0 = Release|Win32
	EndGlobalSection
	GlobalSection(SolutionProperties) = preSolution
		HideSolutionNode = FALSE
	EndGlobalSection
	GlobalSection(ExtensibilityGlobals) = postSolution
		SolutionGuid = {A7038D31-EA29-4A09-8699-83ED65E69316}
	EndGlobalSection
EndGlobal
